
Microsoft Visual Studio Solution File, Format Version 12.00
# Visual Studio Version 17
VisualStudioVersion = 17.0.31903.59
MinimumVisualStudioVersion = 10.0.40219.1
Project("{2150E333-8FDC-42A3-9474-1A3956D46DE8}") = "llms", "llms", "{165A751F-EFC0-41ED-DABE-41C1AA8C0163}"
EndProject
Project("{FAE04EC0-301F-11D3-BF4B-00C04F79EFBC}") = "TextCompletion", "llms\TextCompletion\TextCompletion.csproj", "{24A759B4-1D6F-46C3-BAB8-C9A187030F12}"
EndProject
Project("{FAE04EC0-301F-11D3-BF4B-00C04F79EFBC}") = "TextCompletion.Ollama", "llms\TextCompletion.Ollama\TextCompletion.Ollama.csproj", "{BD62C62D-CF49-41DA-9A8B-A343096AFF26}"
EndProject
Project("{FAE04EC0-301F-11D3-BF4B-00C04F79EFBC}") = "TextCompletion.GigaChat", "llms\TextCompletion.GigaChat\TextCompletion.GigaChat.csproj", "{E1F2A3B4-C5D6-E7F8-9A0B-1C2D3E4F5A6B}"
EndProject
Project("{FAE04EC0-301F-11D3-BF4B-00C04F79EFBC}") = "FunctionCall", "llms\FunctionCall\FunctionCall.csproj", "{E721BEB5-7B32-4A68-B12F-D891464ECE94}"
EndProject
Project("{FAE04EC0-301F-11D3-BF4B-00C04F79EFBC}") = "FunctionCall.Ollama", "llms\FunctionCall.Ollama\FunctionCall.Ollama.csproj", "{A10D6407-659C-4865-B08F-1E871B7F1CC1}"
EndProject
Project("{FAE04EC0-301F-11D3-BF4B-00C04F79EFBC}") = "FunctionCall.GigaChat", "llms\FunctionCall.GigaChat\FunctionCall.GigaChat.csproj", "{EC5EC934-3A78-4D88-86C9-E5BF27FD0268}"
EndProject
Project("{2150E333-8FDC-42A3-9474-1A3956D46DE8}") = "Embeddings", "Embeddings", "{26E1D191-842D-811B-D2E8-1C1F4CD78544}"
EndProject
Project("{FAE04EC0-301F-11D3-BF4B-00C04F79EFBC}") = "Embeddings", "Embeddings\Embeddings\Embeddings.csproj", "{1083436C-8977-4975-A1C4-CCF56B5775AF}"
EndProject
Project("{FAE04EC0-301F-11D3-BF4B-00C04F79EFBC}") = "Embeddings.GigaChat", "Embeddings\Embeddings.GigaChat\Embeddings.GigaChat.csproj", "{5D54F3CE-AB2F-42C3-B8A4-2C97506A1425}"
EndProject
Global
	GlobalSection(SolutionConfigurationPlatforms) = preSolution
		Debug|Any CPU = Debug|Any CPU
		Debug|x64 = Debug|x64
		Debug|x86 = Debug|x86
		Release|Any CPU = Release|Any CPU
		Release|x64 = Release|x64
		Release|x86 = Release|x86
	EndGlobalSection
	GlobalSection(ProjectConfigurationPlatforms) = postSolution
		{24A759B4-1D6F-46C3-BAB8-C9A187030F12}.Debug|Any CPU.ActiveCfg = Debug|Any CPU
		{24A759B4-1D6F-46C3-BAB8-C9A187030F12}.Debug|Any CPU.Build.0 = Debug|Any CPU
		{24A759B4-1D6F-46C3-BAB8-C9A187030F12}.Debug|x64.ActiveCfg = Debug|Any CPU
		{24A759B4-1D6F-46C3-BAB8-C9A187030F12}.Debug|x64.Build.0 = Debug|Any CPU
		{24A759B4-1D6F-46C3-BAB8-C9A187030F12}.Debug|x86.ActiveCfg = Debug|Any CPU
		{24A759B4-1D6F-46C3-BAB8-C9A187030F12}.Debug|x86.Build.0 = Debug|Any CPU
		{24A759B4-1D6F-46C3-BAB8-C9A187030F12}.Release|Any CPU.ActiveCfg = Release|Any CPU
		{24A759B4-1D6F-46C3-BAB8-C9A187030F12}.Release|Any CPU.Build.0 = Release|Any CPU
		{24A759B4-1D6F-46C3-BAB8-C9A187030F12}.Release|x64.ActiveCfg = Release|Any CPU
		{24A759B4-1D6F-46C3-BAB8-C9A187030F12}.Release|x64.Build.0 = Release|Any CPU
		{24A759B4-1D6F-46C3-BAB8-C9A187030F12}.Release|x86.ActiveCfg = Release|Any CPU
		{24A759B4-1D6F-46C3-BAB8-C9A187030F12}.Release|x86.Build.0 = Release|Any CPU
		{BD62C62D-CF49-41DA-9A8B-A343096AFF26}.Debug|Any CPU.ActiveCfg = Debug|Any CPU
		{BD62C62D-CF49-41DA-9A8B-A343096AFF26}.Debug|Any CPU.Build.0 = Debug|Any CPU
		{BD62C62D-CF49-41DA-9A8B-A343096AFF26}.Debug|x64.ActiveCfg = Debug|Any CPU
		{BD62C62D-CF49-41DA-9A8B-A343096AFF26}.Debug|x64.Build.0 = Debug|Any CPU
		{BD62C62D-CF49-41DA-9A8B-A343096AFF26}.Debug|x86.ActiveCfg = Debug|Any CPU
		{BD62C62D-CF49-41DA-9A8B-A343096AFF26}.Debug|x86.Build.0 = Debug|Any CPU
		{BD62C62D-CF49-41DA-9A8B-A343096AFF26}.Release|Any CPU.ActiveCfg = Release|Any CPU
		{BD62C62D-CF49-41DA-9A8B-A343096AFF26}.Release|Any CPU.Build.0 = Release|Any CPU
		{BD62C62D-CF49-41DA-9A8B-A343096AFF26}.Release|x64.ActiveCfg = Release|Any CPU
		{BD62C62D-CF49-41DA-9A8B-A343096AFF26}.Release|x64.Build.0 = Release|Any CPU
		{BD62C62D-CF49-41DA-9A8B-A343096AFF26}.Release|x86.ActiveCfg = Release|Any CPU
		{BD62C62D-CF49-41DA-9A8B-A343096AFF26}.Release|x86.Build.0 = Release|Any CPU
		{E1F2A3B4-C5D6-E7F8-9A0B-1C2D3E4F5A6B}.Debug|Any CPU.ActiveCfg = Debug|Any CPU
		{E1F2A3B4-C5D6-E7F8-9A0B-1C2D3E4F5A6B}.Debug|Any CPU.Build.0 = Debug|Any CPU
		{E1F2A3B4-C5D6-E7F8-9A0B-1C2D3E4F5A6B}.Debug|x64.ActiveCfg = Debug|Any CPU
		{E1F2A3B4-C5D6-E7F8-9A0B-1C2D3E4F5A6B}.Debug|x64.Build.0 = Debug|Any CPU
		{E1F2A3B4-C5D6-E7F8-9A0B-1C2D3E4F5A6B}.Debug|x86.ActiveCfg = Debug|Any CPU
		{E1F2A3B4-C5D6-E7F8-9A0B-1C2D3E4F5A6B}.Debug|x86.Build.0 = Debug|Any CPU
		{E1F2A3B4-C5D6-E7F8-9A0B-1C2D3E4F5A6B}.Release|Any CPU.ActiveCfg = Release|Any CPU
		{E1F2A3B4-C5D6-E7F8-9A0B-1C2D3E4F5A6B}.Release|Any CPU.Build.0 = Release|Any CPU
		{E1F2A3B4-C5D6-E7F8-9A0B-1C2D3E4F5A6B}.Release|x64.ActiveCfg = Release|Any CPU
		{E1F2A3B4-C5D6-E7F8-9A0B-1C2D3E4F5A6B}.Release|x64.Build.0 = Release|Any CPU
		{E1F2A3B4-C5D6-E7F8-9A0B-1C2D3E4F5A6B}.Release|x86.ActiveCfg = Release|Any CPU
		{E1F2A3B4-C5D6-E7F8-9A0B-1C2D3E4F5A6B}.Release|x86.Build.0 = Release|Any CPU
		{E721BEB5-7B32-4A68-B12F-D891464ECE94}.Debug|Any CPU.ActiveCfg = Debug|Any CPU
		{E721BEB5-7B32-4A68-B12F-D891464ECE94}.Debug|Any CPU.Build.0 = Debug|Any CPU
		{E721BEB5-7B32-4A68-B12F-D891464ECE94}.Debug|x64.ActiveCfg = Debug|Any CPU
		{E721BEB5-7B32-4A68-B12F-D891464ECE94}.Debug|x64.Build.0 = Debug|Any CPU
		{E721BEB5-7B32-4A68-B12F-D891464ECE94}.Debug|x86.ActiveCfg = Debug|Any CPU
		{E721BEB5-7B32-4A68-B12F-D891464ECE94}.Debug|x86.Build.0 = Debug|Any CPU
		{E721BEB5-7B32-4A68-B12F-D891464ECE94}.Release|Any CPU.ActiveCfg = Release|Any CPU
		{E721BEB5-7B32-4A68-B12F-D891464ECE94}.Release|Any CPU.Build.0 = Release|Any CPU
		{E721BEB5-7B32-4A68-B12F-D891464ECE94}.Release|x64.ActiveCfg = Release|Any CPU
		{E721BEB5-7B32-4A68-B12F-D891464ECE94}.Release|x64.Build.0 = Release|Any CPU
		{E721BEB5-7B32-4A68-B12F-D891464ECE94}.Release|x86.ActiveCfg = Release|Any CPU
		{E721BEB5-7B32-4A68-B12F-D891464ECE94}.Release|x86.Build.0 = Release|Any CPU
		{A10D6407-659C-4865-B08F-1E871B7F1CC1}.Debug|Any CPU.ActiveCfg = Debug|Any CPU
		{A10D6407-659C-4865-B08F-1E871B7F1CC1}.Debug|Any CPU.Build.0 = Debug|Any CPU
		{A10D6407-659C-4865-B08F-1E871B7F1CC1}.Debug|x64.ActiveCfg = Debug|Any CPU
		{A10D6407-659C-4865-B08F-1E871B7F1CC1}.Debug|x64.Build.0 = Debug|Any CPU
		{A10D6407-659C-4865-B08F-1E871B7F1CC1}.Debug|x86.ActiveCfg = Debug|Any CPU
		{A10D6407-659C-4865-B08F-1E871B7F1CC1}.Debug|x86.Build.0 = Debug|Any CPU
		{A10D6407-659C-4865-B08F-1E871B7F1CC1}.Release|Any CPU.ActiveCfg = Release|Any CPU
		{A10D6407-659C-4865-B08F-1E871B7F1CC1}.Release|Any CPU.Build.0 = Release|Any CPU
		{A10D6407-659C-4865-B08F-1E871B7F1CC1}.Release|x64.ActiveCfg = Release|Any CPU
		{A10D6407-659C-4865-B08F-1E871B7F1CC1}.Release|x64.Build.0 = Release|Any CPU
		{A10D6407-659C-4865-B08F-1E871B7F1CC1}.Release|x86.ActiveCfg = Release|Any CPU
		{A10D6407-659C-4865-B08F-1E871B7F1CC1}.Release|x86.Build.0 = Release|Any CPU
		{EC5EC934-3A78-4D88-86C9-E5BF27FD0268}.Debug|Any CPU.ActiveCfg = Debug|Any CPU
		{EC5EC934-3A78-4D88-86C9-E5BF27FD0268}.Debug|Any CPU.Build.0 = Debug|Any CPU
		{EC5EC934-3A78-4D88-86C9-E5BF27FD0268}.Debug|x64.ActiveCfg = Debug|Any CPU
		{EC5EC934-3A78-4D88-86C9-E5BF27FD0268}.Debug|x64.Build.0 = Debug|Any CPU
		{EC5EC934-3A78-4D88-86C9-E5BF27FD0268}.Debug|x86.ActiveCfg = Debug|Any CPU
		{EC5EC934-3A78-4D88-86C9-E5BF27FD0268}.Debug|x86.Build.0 = Debug|Any CPU
		{EC5EC934-3A78-4D88-86C9-E5BF27FD0268}.Release|Any CPU.ActiveCfg = Release|Any CPU
		{EC5EC934-3A78-4D88-86C9-E5BF27FD0268}.Release|Any CPU.Build.0 = Release|Any CPU
		{EC5EC934-3A78-4D88-86C9-E5BF27FD0268}.Release|x64.ActiveCfg = Release|Any CPU
		{EC5EC934-3A78-4D88-86C9-E5BF27FD0268}.Release|x64.Build.0 = Release|Any CPU
		{EC5EC934-3A78-4D88-86C9-E5BF27FD0268}.Release|x86.ActiveCfg = Release|Any CPU
		{EC5EC934-3A78-4D88-86C9-E5BF27FD0268}.Release|x86.Build.0 = Release|Any CPU
		{1083436C-8977-4975-A1C4-CCF56B5775AF}.Debug|Any CPU.ActiveCfg = Debug|Any CPU
		{1083436C-8977-4975-A1C4-CCF56B5775AF}.Debug|Any CPU.Build.0 = Debug|Any CPU
		{1083436C-8977-4975-A1C4-CCF56B5775AF}.Debug|x64.ActiveCfg = Debug|Any CPU
		{1083436C-8977-4975-A1C4-CCF56B5775AF}.Debug|x64.Build.0 = Debug|Any CPU
		{1083436C-8977-4975-A1C4-CCF56B5775AF}.Debug|x86.ActiveCfg = Debug|Any CPU
		{1083436C-8977-4975-A1C4-CCF56B5775AF}.Debug|x86.Build.0 = Debug|Any CPU
		{1083436C-8977-4975-A1C4-CCF56B5775AF}.Release|Any CPU.ActiveCfg = Release|Any CPU
		{1083436C-8977-4975-A1C4-CCF56B5775AF}.Release|Any CPU.Build.0 = Release|Any CPU
		{1083436C-8977-4975-A1C4-CCF56B5775AF}.Release|x64.ActiveCfg = Release|Any CPU
		{1083436C-8977-4975-A1C4-CCF56B5775AF}.Release|x64.Build.0 = Release|Any CPU
		{1083436C-8977-4975-A1C4-CCF56B5775AF}.Release|x86.ActiveCfg = Release|Any CPU
		{1083436C-8977-4975-A1C4-CCF56B5775AF}.Release|x86.Build.0 = Release|Any CPU
		{5D54F3CE-AB2F-42C3-B8A4-2C97506A1425}.Debug|Any CPU.ActiveCfg = Debug|Any CPU
		{5D54F3CE-AB2F-42C3-B8A4-2C97506A1425}.Debug|Any CPU.Build.0 = Debug|Any CPU
		{5D54F3CE-AB2F-42C3-B8A4-2C97506A1425}.Debug|x64.ActiveCfg = Debug|Any CPU
		{5D54F3CE-AB2F-42C3-B8A4-2C97506A1425}.Debug|x64.Build.0 = Debug|Any CPU
		{5D54F3CE-AB2F-42C3-B8A4-2C97506A1425}.Debug|x86.ActiveCfg = Debug|Any CPU
		{5D54F3CE-AB2F-42C3-B8A4-2C97506A1425}.Debug|x86.Build.0 = Debug|Any CPU
		{5D54F3CE-AB2F-42C3-B8A4-2C97506A1425}.Release|Any CPU.ActiveCfg = Release|Any CPU
		{5D54F3CE-AB2F-42C3-B8A4-2C97506A1425}.Release|Any CPU.Build.0 = Release|Any CPU
		{5D54F3CE-AB2F-42C3-B8A4-2C97506A1425}.Release|x64.ActiveCfg = Release|Any CPU
		{5D54F3CE-AB2F-42C3-B8A4-2C97506A1425}.Release|x64.Build.0 = Release|Any CPU
		{5D54F3CE-AB2F-42C3-B8A4-2C97506A1425}.Release|x86.ActiveCfg = Release|Any CPU
		{5D54F3CE-AB2F-42C3-B8A4-2C97506A1425}.Release|x86.Build.0 = Release|Any CPU
	EndGlobalSection
	GlobalSection(SolutionProperties) = preSolution
		HideSolutionNode = FALSE
	EndGlobalSection
	GlobalSection(NestedProjects) = preSolution
		{24A759B4-1D6F-46C3-BAB8-C9A187030F12} = {165A751F-EFC0-41ED-DABE-41C1AA8C0163}
		{BD62C62D-CF49-41DA-9A8B-A343096AFF26} = {165A751F-EFC0-41ED-DABE-41C1AA8C0163}
		{E1F2A3B4-C5D6-E7F8-9A0B-1C2D3E4F5A6B} = {165A751F-EFC0-41ED-DABE-41C1AA8C0163}
		{E721BEB5-7B32-4A68-B12F-D891464ECE94} = {165A751F-EFC0-41ED-DABE-41C1AA8C0163}
		{A10D6407-659C-4865-B08F-1E871B7F1CC1} = {165A751F-EFC0-41ED-DABE-41C1AA8C0163}
		{EC5EC934-3A78-4D88-86C9-E5BF27FD0268} = {165A751F-EFC0-41ED-DABE-41C1AA8C0163}
		{1083436C-8977-4975-A1C4-CCF56B5775AF} = {26E1D191-842D-811B-D2E8-1C1F4CD78544}
		{5D54F3CE-AB2F-42C3-B8A4-2C97506A1425} = {26E1D191-842D-811B-D2E8-1C1F4CD78544}
	EndGlobalSection
EndGlobal
